// !$*UTF8*$!
{
	archiveVersion = 1;
	classes = {
	};
	objectVersion = 48;
	objects = {

/* Begin PBXBuildFile section */
		54F2A530206B6C9A00F11BDC /* AppDelegate.swift in Sources */ = {isa = PBXBuildFile; fileRef = 54F2A52F206B6C9A00F11BDC /* AppDelegate.swift */; };
		54F2A532206B6C9A00F11BDC /* ViewController.swift in Sources */ = {isa = PBXBuildFile; fileRef = 54F2A531206B6C9A00F11BDC /* ViewController.swift */; };
		54F2A535206B6C9A00F11BDC /* Main.storyboard in Resources */ = {isa = PBXBuildFile; fileRef = 54F2A533206B6C9A00F11BDC /* Main.storyboard */; };
		54F2A537206B6C9A00F11BDC /* Assets.xcassets in Resources */ = {isa = PBXBuildFile; fileRef = 54F2A536206B6C9A00F11BDC /* Assets.xcassets */; };
		54F2A53A206B6C9A00F11BDC /* LaunchScreen.storyboard in Resources */ = {isa = PBXBuildFile; fileRef = 54F2A538206B6C9A00F11BDC /* LaunchScreen.storyboard */; };
		54F2A542206B709400F11BDC /* Resnet50.mlmodel in Sources */ = {isa = PBXBuildFile; fileRef = 54F2A541206B709400F11BDC /* Resnet50.mlmodel */; };
/* End PBXBuildFile section */

/* Begin PBXFileReference section */
		54F2A52C206B6C9A00F11BDC /* AItest.app */ = {isa = PBXFileReference; explicitFileType = wrapper.application; includeInIndex = 0; path = AItest.app; sourceTree = BUILT_PRODUCTS_DIR; };
		54F2A52F206B6C9A00F11BDC /* AppDelegate.swift */ = {isa = PBXFileReference; lastKnownFileType = sourcecode.swift; path = AppDelegate.swift; sourceTree = "<group>"; };
		54F2A531206B6C9A00F11BDC /* ViewController.swift */ = {isa = PBXFileReference; lastKnownFileType = sourcecode.swift; path = ViewController.swift; sourceTree = "<group>"; };
		54F2A534206B6C9A00F11BDC /* Base */ = {isa = PBXFileReference; lastKnownFileType = file.storyboard; name = Base; path = Base.lproj/Main.storyboard; sourceTree = "<group>"; };
		54F2A536206B6C9A00F11BDC /* Assets.xcassets */ = {isa = PBXFileReference; lastKnownFileType = folder.assetcatalog; path = Assets.xcassets; sourceTree = "<group>"; };
		54F2A539206B6C9A00F11BDC /* Base */ = {isa = PBXFileReference; lastKnownFileType = file.storyboard; name = Base; path = Base.lproj/LaunchScreen.storyboard; sourceTree = "<group>"; };
		54F2A53B206B6C9A00F11BDC /* Info.plist */ = {isa = PBXFileReference; lastKnownFileType = text.plist.xml; path = Info.plist; sourceTree = "<group>"; };
		54F2A541206B709400F11BDC /* Resnet50.mlmodel */ = {isa = PBXFileReference; lastKnownFileType = file.mlmodel; name = Resnet50.mlmodel; path = ../../../../../../Downloads/Resnet50.mlmodel; sourceTree = "<group>"; };
/* End PBXFileReference section */

/* Begin PBXFrameworksBuildPhase section */
		54F2A529206B6C9A00F11BDC /* Frameworks */ = {
			isa = PBXFrameworksBuildPhase;
			buildActionMask = 2147483647;
			files = (
			);
			runOnlyForDeploymentPostprocessing = 0;
		};
/* End PBXFrameworksBuildPhase section */

/* Begin PBXGroup section */
		54F2A523206B6C9A00F11BDC = {
			isa = PBXGroup;
			children = (
				54F2A52E206B6C9A00F11BDC /* AItest */,
				54F2A52D206B6C9A00F11BDC /* Products */,
			);
			sourceTree = "<group>";
		};
		54F2A52D206B6C9A00F11BDC /* Products */ = {
			isa = PBXGroup;
			children = (
				54F2A52C206B6C9A00F11BDC /* AItest.app */,
			);
			name = Products;
			sourceTree = "<group>";
		};
		54F2A52E206B6C9A00F11BDC /* AItest */ = {
			isa = PBXGroup;
			children = (
				54F2A52F206B6C9A00F11BDC /* AppDelegate.swift */,
				54F2A531206B6C9A00F11BDC /* ViewController.swift */,
				54F2A533206B6C9A00F11BDC /* Main.storyboard */,
				54F2A541206B709400F11BDC /* Resnet50.mlmodel */,
				54F2A536206B6C9A00F11BDC /* Assets.xcassets */,
				54F2A538206B6C9A00F11BDC /* LaunchScreen.storyboard */,
				54F2A53B206B6C9A00F11BDC /* Info.plist */,
			);
			path = AItest;
			sourceTree = "<group>";
		};
/* End PBXGroup section */

/* Begin PBXNativeTarget section */
		54F2A52B206B6C9A00F11BDC /* AItest */ = {
			isa = PBXNativeTarget;
			buildConfigurationList = 54F2A53E206B6C9A00F11BDC /* Build configuration list for PBXNativeTarget "AItest" */;
			buildPhases = (
				54F2A528206B6C9A00F11BDC /* Sources */,
				54F2A529206B6C9A00F11BDC /* Frameworks */,
				54F2A52A206B6C9A00F11BDC /* Resources */,
			);
			buildRules = (
			);
			dependencies = (
			);
			name = AItest;
			productName = AItest;
			productReference = 54F2A52C206B6C9A00F11BDC /* AItest.app */;
			productType = "com.apple.product-type.application";
		};
/* End PBXNativeTarget section */

/* Begin PBXProject section */
		54F2A524206B6C9A00F11BDC /* Project object */ = {
			isa = PBXProject;
			attributes = {
				LastSwiftUpdateCheck = 0920;
				LastUpgradeCheck = 0920;
				ORGANIZATIONNAME = myname;
				TargetAttributes = {
					54F2A52B206B6C9A00F11BDC = {
						CreatedOnToolsVersion = 9.2;
						ProvisioningStyle = Automatic;
					};
				};
			};
			buildConfigurationList = 54F2A527206B6C9A00F11BDC /* Build configuration list for PBXProject "AItest" */;
			compatibilityVersion = "Xcode 8.0";
			developmentRegion = en;
			hasScannedForEncodings = 0;
			knownRegions = (
				en,
				Base,
			);
			mainGroup = 54F2A523206B6C9A00F11BDC;
			productRefGroup = 54F2A52D206B6C9A00F11BDC /* Products */;
			projectDirPath = "";
			projectRoot = "";
			targets = (
				54F2A52B206B6C9A00F11BDC /* AItest */,
			);
		};
/* End PBXProject section */

/* Begin PBXResourcesBuildPhase section */
		54F2A52A206B6C9A00F11BDC /* Resources */ = {
			isa = PBXResourcesBuildPhase;
			buildActionMask = 2147483647;
			files = (
				54F2A53A206B6C9A00F11BDC /* LaunchScreen.storyboard in Resources */,
				54F2A537206B6C9A00F11BDC /* Assets.xcassets in Resources */,
				54F2A535206B6C9A00F11BDC /* Main.storyboard in Resources */,
			);
			runOnlyForDeploymentPostprocessing = 0;
		};
/* End PBXResourcesBuildPhase section */

/* Begin PBXSourcesBuildPhase section */
		54F2A528206B6C9A00F11BDC /* Sources */ = {
			isa = PBXSourcesBuildPhase;
			buildActionMask = 2147483647;
			files = (
				54F2A532206B6C9A00F11BDC /* ViewController.swift in Sources */,
				54F2A542206B709400F11BDC /* Resnet50.mlmodel in Sources */,
				54F2A530206B6C9A00F11BDC /* AppDelegate.swift in Sources */,
			);
			runOnlyForDeploymentPostprocessing = 0;
		};
/* End PBXSourcesBuildPhase section */

/* Begin PBXVariantGroup section */
		54F2A533206B6C9A00F11BDC /* Main.storyboard */ = {
			isa = PBXVariantGroup;
			children = (
				54F2A534206B6C9A00F11BDC /* Base */,
			);
			name = Main.storyboard;
			sourceTree = "<group>";
		};
		54F2A538206B6C9A00F11BDC /* LaunchScreen.storyboard */ = {
			isa = PBXVariantGroup;
			children = (
				54F2A539206B6C9A00F11BDC /* Base */,
			);
			name = LaunchScreen.storyboard;
			sourceTree = "<group>";
		};
/* End PBXVariantGroup section */

/* Begin XCBuildConfiguration section */
		54F2A53C206B6C9A00F11BDC /* Debug */ = {
			isa = XCBuildConfiguration;
			buildSettings = {
				ALWAYS_SEARCH_USER_PATHS = NO;
				CLANG_ANALYZER_NONNULL = YES;
				CLANG_ANALYZER_NUMBER_OBJECT_CONVERSION = YES_AGGRESSIVE;
				CLANG_CXX_LANGUAGE_STANDARD = "gnu++14";
				CLANG_CXX_LIBRARY = "libc++";
				CLANG_ENABLE_MODULES = YES;
				CLANG_ENABLE_OBJC_ARC = YES;
				CLANG_WARN_BLOCK_CAPTURE_AUTORELEASING = YES;
				CLANG_WARN_BOOL_CONVERSION = YES;
				CLANG_WARN_COMMA = YES;
				CLANG_WARN_CONSTANT_CONVERSION = YES;
				CLANG_WARN_DIRECT_OBJC_ISA_USAGE = YES_ERROR;
				CLANG_WARN_DOCUMENTATION_COMMENTS = YES;
				CLANG_WARN_EMPTY_BODY = YES;
				CLANG_WARN_ENUM_CONVERSION = YES;
				CLANG_WARN_INFINITE_RECURSION = YES;
				CLANG_WARN_INT_CONVERSION = YES;
				CLANG_WARN_NON_LITERAL_NULL_CONVERSION = YES;
				CLANG_WARN_OBJC_LITERAL_CONVERSION = YES;
				CLANG_WARN_OBJC_ROOT_CLASS = YES_ERROR;
				CLANG_WARN_RANGE_LOOP_ANALYSIS = YES;
				CLANG_WARN_STRICT_PROTOTYPES = YES;
				CLANG_WARN_SUSPICIOUS_MOVE = YES;
				CLANG_WARN_UNGUARDED_AVAILABILITY = YES_AGGRESSIVE;
				CLANG_WARN_UNREACHABLE_CODE = YES;
				CLANG_WARN__DUPLICATE_METHOD_MATCH = YES;
				CODE_SIGN_IDENTITY = "iPhone Developer";
				COPY_PHASE_STRIP = NO;
				DEBUG_INFORMATION_FORMAT = dwarf;
				ENABLE_STRICT_OBJC_MSGSEND = YES;
				ENABLE_TESTABILITY = YES;
				GCC_C_LANGUAGE_STANDARD = gnu11;
				GCC_DYNAMIC_NO_PIC = NO;
				GCC_NO_COMMON_BLOCKS = YES;
				GCC_OPTIMIZATION_LEVEL = 0;
				GCC_PREPROCESSOR_DEFINITIONS = (
					"DEBUG=1",
					"$(inherited)",
				);
				GCC_WARN_64_TO_32_BIT_CONVERSION = YES;
				GCC_WARN_ABOUT_RETURN_TYPE = YES_ERROR;
				GCC_WARN_UNDECLARED_SELECTOR = YES;
				GCC_WARN_UNINITIALIZED_AUTOS = YES_AGGRESSIVE;
				GCC_WARN_UNUSED_FUNCTION = YES;
				GCC_WARN_UNUSED_VARIABLE = YES;
				IPHONEOS_DEPLOYMENT_TARGET = 11.2;
				MTL_ENABLE_DEBUG_INFO = YES;
				ONLY_ACTIVE_ARCH = YES;
				SDKROOT = iphoneos;
				SWIFT_ACTIVE_COMPILATION_CONDITIONS = DEBUG;
				SWIFT_OPTIMIZATION_LEVEL = "-Onone";
			};
			name = Debug;
		};
		54F2A53D206B6C9A00F11BDC /* Release */ = {
			isa = XCBuildConfiguration;
			buildSettings = {
				ALWAYS_SEARCH_USER_PATHS = NO;
				CLANG_ANALYZER_NONNULL = YES;
				CLANG_ANALYZER_NUMBER_OBJECT_CONVERSION = YES_AGGRESSIVE;
				CLANG_CXX_LANGUAGE_STANDARD = "gnu++14";
				CLANG_CXX_LIBRARY = "libc++";
				CLANG_ENABLE_MODULES = YES;
				CLANG_ENABLE_OBJC_ARC = YES;
				CLANG_WARN_BLOCK_CAPTURE_AUTORELEASING = YES;
				CLANG_WARN_BOOL_CONVERSION = YES;
				CLANG_WARN_COMMA = YES;
				CLANG_WARN_CONSTANT_CONVERSION = YES;
				CLANG_WARN_DIRECT_OBJC_ISA_USAGE = YES_ERROR;
				CLANG_WARN_DOCUMENTATION_COMMENTS = YES;
				CLANG_WARN_EMPTY_BODY = YES;
				CLANG_WARN_ENUM_CONVERSION = YES;
				CLANG_WARN_INFINITE_RECURSION = YES;
				CLANG_WARN_INT_CONVERSION = YES;
				CLANG_WARN_NON_LITERAL_NULL_CONVERSION = YES;
				CLANG_WARN_OBJC_LITERAL_CONVERSION = YES;
				CLANG_WARN_OBJC_ROOT_CLASS = YES_ERROR;
				CLANG_WARN_RANGE_LOOP_ANALYSIS = YES;
				CLANG_WARN_STRICT_PROTOTYPES = YES;
				CLANG_WARN_SUSPICIOUS_MOVE = YES;
				CLANG_WARN_UNGUARDED_AVAILABILITY = YES_AGGRESSIVE;
				CLANG_WARN_UNREACHABLE_CODE = YES;
				CLANG_WARN__DUPLICATE_METHOD_MATCH = YES;
				CODE_SIGN_IDENTITY = "iPhone Developer";
				COPY_PHASE_STRIP = NO;
				DEBUG_INFORMATION_FORMAT = "dwarf-with-dsym";
				ENABLE_NS_ASSERTIONS = NO;
				ENABLE_STRICT_OBJC_MSGSEND = YES;
				GCC_C_LANGUAGE_STANDARD = gnu11;
				GCC_NO_COMMON_BLOCKS = YES;
				GCC_WARN_64_TO_32_BIT_CONVERSION = YES;
				GCC_WARN_ABOUT_RETURN_TYPE = YES_ERROR;
				GCC_WARN_UNDECLARED_SELECTOR = YES;
				GCC_WARN_UNINITIALIZED_AUTOS = YES_AGGRESSIVE;
				GCC_WARN_UNUSED_FUNCTION = YES;
				GCC_WARN_UNUSED_VARIABLE = YES;
				IPHONEOS_DEPLOYMENT_TARGET = 11.2;
				MTL_ENABLE_DEBUG_INFO = NO;
				SDKROOT = iphoneos;
				SWIFT_OPTIMIZATION_LEVEL = "-Owholemodule";
				VALIDATE_PRODUCT = YES;
			};
			name = Release;
		};
		54F2A53F206B6C9A00F11BDC /* Debug */ = {
			isa = XCBuildConfiguration;
			buildSettings = {
				ASSETCATALOG_COMPILER_APPICON_NAME = AppIcon;
				CODE_SIGN_STYLE = Automatic;
				DEVELOPMENT_TEAM = M6Q6CA4M56;
				INFOPLIST_FILE = AItest/Info.plist;
				LD_RUNPATH_SEARCH_PATHS = "$(inherited) @executable_path/Frameworks";
				PRODUCT_BUNDLE_IDENTIFIER = "jp.i-things.AItest";
				PRODUCT_NAME = "$(TARGET_NAME)";
				SWIFT_VERSION = 4.0;
				TARGETED_DEVICE_FAMILY = "1,2";
			};
			name = Debug;
		};
		54F2A540206B6C9A00F11BDC /* Release */ = {
			isa = XCBuildConfiguration;
			buildSettings = {
				ASSETCATALOG_COMPILER_APPICON_NAME = AppIcon;
				CODE_SIGN_STYLE = Automatic;
				DEVELOPMENT_TEAM = M6Q6CA4M56;
				INFOPLIST_FILE = AItest/Info.plist;
				LD_RUNPATH_SEARCH_PATHS = "$(inherited) @executable_path/Frameworks";
				PRODUCT_BUNDLE_IDENTIFIER = "jp.i-things.AItest";
				PRODUCT_NAME = "$(TARGET_NAME)";
				SWIFT_VERSION = 4.0;
				TARGETED_DEVICE_FAMILY = "1,2";
			};
			name = Release;
		};
/* End XCBuildConfiguration section */

/* Begin XCConfigurationList section */
		54F2A527206B6C9A00F11BDC /* Build configuration list for PBXProject "AItest" */ = {
			isa = XCConfigurationList;
			buildConfigurations = (
				54F2A53C206B6C9A00F11BDC /* Debug */,
				54F2A53D206B6C9A00F11BDC /* Release */,
			);
			defaultConfigurationIsVisible = 0;
			defaultConfigurationName = Release;
		};
		54F2A53E206B6C9A00F11BDC /* Build configuration list for PBXNativeTarget "AItest" */ = {
			isa = XCConfigurationList;
			buildConfigurations = (
				54F2A53F206B6C9A00F11BDC /* Debug */,
				54F2A540206B6C9A00F11BDC /* Release */,
			);
			defaultConfigurationIsVisible = 0;
			defaultConfigurationName = Release;
		};
/* End XCConfigurationList section */
	};
	rootObject = 54F2A524206B6C9A00F11BDC /* Project object */;
}
